
Microsoft Visual Studio Solution File, Format Version 12.00
# Visual Studio Version 17
VisualStudioVersion = 17.8.34316.72
MinimumVisualStudioVersion = 10.0.40219.1
Project("{2150E333-8FDC-42A3-9474-1A3956D46DE8}") = "Frontends", "Frontends", "{F8F20790-E274-479C-9D96-BBDF442CC1C4}"
EndProject
Project("{2150E333-8FDC-42A3-9474-1A3956D46DE8}") = "IdentityServer", "IdentityServer", "{DB690EC9-487F-406C-8B72-CAB061018FA1}"
EndProject
Project("{2150E333-8FDC-42A3-9474-1A3956D46DE8}") = "Services", "Services", "{BAA6A7C8-664A-4271-9761-CFF20551C5DC}"
EndProject
Project("{2150E333-8FDC-42A3-9474-1A3956D46DE8}") = "Requirements", "Requirements", "{45DCCEE1-F7B2-44F0-9114-C6CBC7D92D41}"
EndProject
Project("{2150E333-8FDC-42A3-9474-1A3956D46DE8}") = "Catalog", "Catalog", "{F861F6A7-1DD0-4BD5-92CC-220BD0A1DDAC}"
EndProject
Project("{9A19103F-16F7-4668-BE54-9A1E7A4F7556}") = "TakeAwayNight.Catalog", "Service\Catalog\TakeAwayNight.Catalog\TakeAwayNight.Catalog.csproj", "{38C36603-A9D0-4EDD-9A23-C26D461FF80E}"
EndProject
Project("{2150E333-8FDC-42A3-9474-1A3956D46DE8}") = "Discount", "Discount", "{184C6939-8A14-4F8D-A4A4-B56BE8C7A29D}"
EndProject
Project("{9A19103F-16F7-4668-BE54-9A1E7A4F7556}") = "TakeAwayNight.Discount", "Services\Discount\TakeAwayNight.Discount\TakeAwayNight.Discount.csproj", "{6FBA12CB-9014-4240-AEA0-928A89195A0A}"
EndProject
Project("{2150E333-8FDC-42A3-9474-1A3956D46DE8}") = "Order", "Order", "{329ED43F-6ED7-4691-BCB1-22EF0120E96C}"
EndProject
Project("{2150E333-8FDC-42A3-9474-1A3956D46DE8}") = "Core", "Core", "{82739BB6-2DD7-458A-B183-CEE2FE129389}"
EndProject
Project("{2150E333-8FDC-42A3-9474-1A3956D46DE8}") = "Infrastructure", "Infrastructure", "{69FBE6EC-A74A-4D60-8726-5B21E619B216}"
EndProject
Project("{2150E333-8FDC-42A3-9474-1A3956D46DE8}") = "Presentation", "Presentation", "{EC664A29-8D3B-4455-BD50-E26AB0FCBCB7}"
EndProject
Project("{9A19103F-16F7-4668-BE54-9A1E7A4F7556}") = "TakeAwayNight.Application", "Services\Order\Core\TakeAwayNight.Application\TakeAwayNight.Application.csproj", "{5770A0B9-F895-4653-A8DE-F2D663016641}"
EndProject
Project("{9A19103F-16F7-4668-BE54-9A1E7A4F7556}") = "TakeAwayNight.Domain", "Services\Order\Core\TakeAwayNight.Domain\TakeAwayNight.Domain.csproj", "{B1D4ED34-4B4A-488B-A939-385EEBCF1683}"
EndProject
Project("{9A19103F-16F7-4668-BE54-9A1E7A4F7556}") = "TakeAwayNight.Persistence", "Services\Order\Infrastructure\TakeAwayNight.Persistence\TakeAwayNight.Persistence.csproj", "{BB6A052C-A016-4EB3-B784-91C9D2DEBFFB}"
EndProject
Project("{9A19103F-16F7-4668-BE54-9A1E7A4F7556}") = "TakeAwayNight.OrderApi", "Services\Order\Presentation\TakeAwayNight.OrderApi\TakeAwayNight.OrderApi.csproj", "{31FBD217-B61A-41C6-8D7E-70DE73F7052C}"
EndProject
Project("{2150E333-8FDC-42A3-9474-1A3956D46DE8}") = "Basket", "Basket", "{B418C391-8E20-4580-BAB9-2B42611ADBD0}"
EndProject
Project("{9A19103F-16F7-4668-BE54-9A1E7A4F7556}") = "TakeAwayNight.Basket", "Services\Basket\TakeAwayNight.Basket\TakeAwayNight.Basket.csproj", "{91AB6A98-A3D0-4DAB-BE7E-2FC37D48C18A}"
EndProject
Project("{2150E333-8FDC-42A3-9474-1A3956D46DE8}") = "Comment", "Comment", "{9DC72CD7-DC12-46BC-A802-4DAAC104A844}"
EndProject
Project("{9A19103F-16F7-4668-BE54-9A1E7A4F7556}") = "TakeAwayNight.Comment", "Services\Comment\TakeAwayNight.Comment\TakeAwayNight.Comment.csproj", "{1532E8F6-54BD-44A3-9068-BE790DC0DE3D}"
EndProject
Project("{FAE04EC0-301F-11D3-BF4B-00C04F79EFBC}") = "TakeAwayNight.WebUI", "Frontends\TakeAwayNight.WebUI\TakeAwayNight.WebUI.csproj", "{BD39EAB7-E233-4798-B65C-3DEF1B009F97}"
EndProject
Global
	GlobalSection(SolutionConfigurationPlatforms) = preSolution
		Debug|Any CPU = Debug|Any CPU
		Release|Any CPU = Release|Any CPU
	EndGlobalSection
	GlobalSection(ProjectConfigurationPlatforms) = postSolution
		{38C36603-A9D0-4EDD-9A23-C26D461FF80E}.Debug|Any CPU.ActiveCfg = Debug|Any CPU
		{38C36603-A9D0-4EDD-9A23-C26D461FF80E}.Debug|Any CPU.Build.0 = Debug|Any CPU
		{38C36603-A9D0-4EDD-9A23-C26D461FF80E}.Release|Any CPU.ActiveCfg = Release|Any CPU
		{38C36603-A9D0-4EDD-9A23-C26D461FF80E}.Release|Any CPU.Build.0 = Release|Any CPU
		{6FBA12CB-9014-4240-AEA0-928A89195A0A}.Debug|Any CPU.ActiveCfg = Debug|Any CPU
		{6FBA12CB-9014-4240-AEA0-928A89195A0A}.Debug|Any CPU.Build.0 = Debug|Any CPU
		{6FBA12CB-9014-4240-AEA0-928A89195A0A}.Release|Any CPU.ActiveCfg = Release|Any CPU
		{6FBA12CB-9014-4240-AEA0-928A89195A0A}.Release|Any CPU.Build.0 = Release|Any CPU
		{5770A0B9-F895-4653-A8DE-F2D663016641}.Debug|Any CPU.ActiveCfg = Debug|Any CPU
		{5770A0B9-F895-4653-A8DE-F2D663016641}.Debug|Any CPU.Build.0 = Debug|Any CPU
		{5770A0B9-F895-4653-A8DE-F2D663016641}.Release|Any CPU.ActiveCfg = Release|Any CPU
		{5770A0B9-F895-4653-A8DE-F2D663016641}.Release|Any CPU.Build.0 = Release|Any CPU
		{B1D4ED34-4B4A-488B-A939-385EEBCF1683}.Debug|Any CPU.ActiveCfg = Debug|Any CPU
		{B1D4ED34-4B4A-488B-A939-385EEBCF1683}.Debug|Any CPU.Build.0 = Debug|Any CPU
		{B1D4ED34-4B4A-488B-A939-385EEBCF1683}.Release|Any CPU.ActiveCfg = Release|Any CPU
		{B1D4ED34-4B4A-488B-A939-385EEBCF1683}.Release|Any CPU.Build.0 = Release|Any CPU
		{BB6A052C-A016-4EB3-B784-91C9D2DEBFFB}.Debug|Any CPU.ActiveCfg = Debug|Any CPU
		{BB6A052C-A016-4EB3-B784-91C9D2DEBFFB}.Debug|Any CPU.Build.0 = Debug|Any CPU
		{BB6A052C-A016-4EB3-B784-91C9D2DEBFFB}.Release|Any CPU.ActiveCfg = Release|Any CPU
		{BB6A052C-A016-4EB3-B784-91C9D2DEBFFB}.Release|Any CPU.Build.0 = Release|Any CPU
		{31FBD217-B61A-41C6-8D7E-70DE73F7052C}.Debug|Any CPU.ActiveCfg = Debug|Any CPU
		{31FBD217-B61A-41C6-8D7E-70DE73F7052C}.Debug|Any CPU.Build.0 = Debug|Any CPU
		{31FBD217-B61A-41C6-8D7E-70DE73F7052C}.Release|Any CPU.ActiveCfg = Release|Any CPU
		{31FBD217-B61A-41C6-8D7E-70DE73F7052C}.Release|Any CPU.Build.0 = Release|Any CPU
		{91AB6A98-A3D0-4DAB-BE7E-2FC37D48C18A}.Debug|Any CPU.ActiveCfg = Debug|Any CPU
		{91AB6A98-A3D0-4DAB-BE7E-2FC37D48C18A}.Debug|Any CPU.Build.0 = Debug|Any CPU
		{91AB6A98-A3D0-4DAB-BE7E-2FC37D48C18A}.Release|Any CPU.ActiveCfg = Release|Any CPU
		{91AB6A98-A3D0-4DAB-BE7E-2FC37D48C18A}.Release|Any CPU.Build.0 = Release|Any CPU
		{1532E8F6-54BD-44A3-9068-BE790DC0DE3D}.Debug|Any CPU.ActiveCfg = Debug|Any CPU
		{1532E8F6-54BD-44A3-9068-BE790DC0DE3D}.Debug|Any CPU.Build.0 = Debug|Any CPU
		{1532E8F6-54BD-44A3-9068-BE790DC0DE3D}.Release|Any CPU.ActiveCfg = Release|Any CPU
		{1532E8F6-54BD-44A3-9068-BE790DC0DE3D}.Release|Any CPU.Build.0 = Release|Any CPU
		{BD39EAB7-E233-4798-B65C-3DEF1B009F97}.Debug|Any CPU.ActiveCfg = Debug|Any CPU
		{BD39EAB7-E233-4798-B65C-3DEF1B009F97}.Debug|Any CPU.Build.0 = Debug|Any CPU
		{BD39EAB7-E233-4798-B65C-3DEF1B009F97}.Release|Any CPU.ActiveCfg = Release|Any CPU
		{BD39EAB7-E233-4798-B65C-3DEF1B009F97}.Release|Any CPU.Build.0 = Release|Any CPU
	EndGlobalSection
	GlobalSection(SolutionProperties) = preSolution
		HideSolutionNode = FALSE
	EndGlobalSection
	GlobalSection(NestedProjects) = preSolution
		{F861F6A7-1DD0-4BD5-92CC-220BD0A1DDAC} = {BAA6A7C8-664A-4271-9761-CFF20551C5DC}
		{38C36603-A9D0-4EDD-9A23-C26D461FF80E} = {F861F6A7-1DD0-4BD5-92CC-220BD0A1DDAC}
		{184C6939-8A14-4F8D-A4A4-B56BE8C7A29D} = {BAA6A7C8-664A-4271-9761-CFF20551C5DC}
		{6FBA12CB-9014-4240-AEA0-928A89195A0A} = {184C6939-8A14-4F8D-A4A4-B56BE8C7A29D}
		{329ED43F-6ED7-4691-BCB1-22EF0120E96C} = {BAA6A7C8-664A-4271-9761-CFF20551C5DC}
		{82739BB6-2DD7-458A-B183-CEE2FE129389} = {329ED43F-6ED7-4691-BCB1-22EF0120E96C}
		{69FBE6EC-A74A-4D60-8726-5B21E619B216} = {329ED43F-6ED7-4691-BCB1-22EF0120E96C}
		{EC664A29-8D3B-4455-BD50-E26AB0FCBCB7} = {329ED43F-6ED7-4691-BCB1-22EF0120E96C}
		{5770A0B9-F895-4653-A8DE-F2D663016641} = {82739BB6-2DD7-458A-B183-CEE2FE129389}
		{B1D4ED34-4B4A-488B-A939-385EEBCF1683} = {82739BB6-2DD7-458A-B183-CEE2FE129389}
		{BB6A052C-A016-4EB3-B784-91C9D2DEBFFB} = {69FBE6EC-A74A-4D60-8726-5B21E619B216}
		{31FBD217-B61A-41C6-8D7E-70DE73F7052C} = {EC664A29-8D3B-4455-BD50-E26AB0FCBCB7}
		{B418C391-8E20-4580-BAB9-2B42611ADBD0} = {BAA6A7C8-664A-4271-9761-CFF20551C5DC}
		{91AB6A98-A3D0-4DAB-BE7E-2FC37D48C18A} = {B418C391-8E20-4580-BAB9-2B42611ADBD0}
		{9DC72CD7-DC12-46BC-A802-4DAAC104A844} = {BAA6A7C8-664A-4271-9761-CFF20551C5DC}
		{1532E8F6-54BD-44A3-9068-BE790DC0DE3D} = {9DC72CD7-DC12-46BC-A802-4DAAC104A844}
		{BD39EAB7-E233-4798-B65C-3DEF1B009F97} = {F8F20790-E274-479C-9D96-BBDF442CC1C4}
	EndGlobalSection
	GlobalSection(ExtensibilityGlobals) = postSolution
		SolutionGuid = {7D3295FF-24A7-47C4-9B05-B0CD190409C3}
	EndGlobalSection
EndGlobal
